<?xml version="1.0" encoding="utf-8"?>
<Project ToolsVersion="17.0" xmlns="http://schemas.microsoft.com/developer/msbuild/2003">
  <ItemGroup>
    <ClCompile Include="D:\思朗-相关资料\cantera重构-5.27\yaml-convector-2.0\yaml-convector-2.0\integration_test.cpp">
      <Filter>Source Files</Filter>
    </ClCompile>
  </ItemGroup>
  <ItemGroup>
    <CustomBuild Include="D:\思朗-相关资料\cantera重构-5.27\yaml-convector-2.0\yaml-convector-2.0\CMakeLists.txt" />
  </ItemGroup>
  <ItemGroup>
    <Filter Include="Source Files">
      <UniqueIdentifier>{A44C4A9B-02F6-388E-A25C-2475252FC756}</UniqueIdentifier>
    </Filter>
  </ItemGroup>
</Project>
