
Microsoft Visual Studio Solution File, Format Version 12.00
# Visual Studio Version 17
Project("{8BC9CEB8-8B4A-11D0-8D11-00A0C91BC942}") = "ALL_BUILD", "ALL_BUILD.vcxproj", "{BA7037AC-4672-32B2-BA6C-054D99FC9C20}"
	ProjectSection(ProjectDependencies) = postProject
		{82E6C3B5-69D9-3C21-BC5C-F46C675619DC} = {82E6C3B5-69D9-3C21-BC5C-F46C675619DC}
		{4B2532FA-6865-395F-B1FD-232F80DC3AFF} = {4B2532FA-6865-395F-B1FD-232F80DC3AFF}
		{6D8D263A-3CF0-3F7E-84D9-42F551D62E27} = {6D8D263A-3CF0-3F7E-84D9-42F551D62E27}
		{28245E5F-0430-37C3-B4F1-1204FE11FCF4} = {28245E5F-0430-37C3-B4F1-1204FE11FCF4}
	EndProjectSection
EndProject
Project("{8BC9CEB8-8B4A-11D0-8D11-00A0C91BC942}") = "INSTALL", "INSTALL.vcxproj", "{44953B53-030D-3E5C-A1FE-19F0220A5DF1}"
	ProjectSection(ProjectDependencies) = postProject
		{BA7037AC-4672-32B2-BA6C-054D99FC9C20} = {BA7037AC-4672-32B2-BA6C-054D99FC9C20}
		{82E6C3B5-69D9-3C21-BC5C-F46C675619DC} = {82E6C3B5-69D9-3C21-BC5C-F46C675619DC}
	EndProjectSection
EndProject
Project("{8BC9CEB8-8B4A-11D0-8D11-00A0C91BC942}") = "RUN_TESTS", "RUN_TESTS.vcxproj", "{9806F056-216E-3B57-BD1E-2472C3471C40}"
	ProjectSection(ProjectDependencies) = postProject
		{82E6C3B5-69D9-3C21-BC5C-F46C675619DC} = {82E6C3B5-69D9-3C21-BC5C-F46C675619DC}
	EndProjectSection
EndProject
Project("{8BC9CEB8-8B4A-11D0-8D11-00A0C91BC942}") = "ZERO_CHECK", "ZERO_CHECK.vcxproj", "{82E6C3B5-69D9-3C21-BC5C-F46C675619DC}"
	ProjectSection(ProjectDependencies) = postProject
	EndProjectSection
EndProject
Project("{8BC9CEB8-8B4A-11D0-8D11-00A0C91BC942}") = "comprehensive_demo", "comprehensive_demo.vcxproj", "{4B2532FA-6865-395F-B1FD-232F80DC3AFF}"
	ProjectSection(ProjectDependencies) = postProject
		{82E6C3B5-69D9-3C21-BC5C-F46C675619DC} = {82E6C3B5-69D9-3C21-BC5C-F46C675619DC}
		{6D8D263A-3CF0-3F7E-84D9-42F551D62E27} = {6D8D263A-3CF0-3F7E-84D9-42F551D62E27}
	EndProjectSection
EndProject
Project("{8BC9CEB8-8B4A-11D0-8D11-00A0C91BC942}") = "idealgas_core", "idealgas_core.vcxproj", "{6D8D263A-3CF0-3F7E-84D9-42F551D62E27}"
	ProjectSection(ProjectDependencies) = postProject
		{82E6C3B5-69D9-3C21-BC5C-F46C675619DC} = {82E6C3B5-69D9-3C21-BC5C-F46C675619DC}
	EndProjectSection
EndProject
Project("{8BC9CEB8-8B4A-11D0-8D11-00A0C91BC942}") = "yaml_convector", "yaml_convector.vcxproj", "{28245E5F-0430-37C3-B4F1-1204FE11FCF4}"
	ProjectSection(ProjectDependencies) = postProject
		{82E6C3B5-69D9-3C21-BC5C-F46C675619DC} = {82E6C3B5-69D9-3C21-BC5C-F46C675619DC}
		{6D8D263A-3CF0-3F7E-84D9-42F551D62E27} = {6D8D263A-3CF0-3F7E-84D9-42F551D62E27}
	EndProjectSection
EndProject
Global
	GlobalSection(SolutionConfigurationPlatforms) = preSolution
		Debug|x64 = Debug|x64
		Release|x64 = Release|x64
		MinSizeRel|x64 = MinSizeRel|x64
		RelWithDebInfo|x64 = RelWithDebInfo|x64
	EndGlobalSection
	GlobalSection(ProjectConfigurationPlatforms) = postSolution
		{BA7037AC-4672-32B2-BA6C-054D99FC9C20}.Debug|x64.ActiveCfg = Debug|x64
		{BA7037AC-4672-32B2-BA6C-054D99FC9C20}.Debug|x64.Build.0 = Debug|x64
		{BA7037AC-4672-32B2-BA6C-054D99FC9C20}.Release|x64.ActiveCfg = Release|x64
		{BA7037AC-4672-32B2-BA6C-054D99FC9C20}.Release|x64.Build.0 = Release|x64
		{BA7037AC-4672-32B2-BA6C-054D99FC9C20}.MinSizeRel|x64.ActiveCfg = MinSizeRel|x64
		{BA7037AC-4672-32B2-BA6C-054D99FC9C20}.MinSizeRel|x64.Build.0 = MinSizeRel|x64
		{BA7037AC-4672-32B2-BA6C-054D99FC9C20}.RelWithDebInfo|x64.ActiveCfg = RelWithDebInfo|x64
		{BA7037AC-4672-32B2-BA6C-054D99FC9C20}.RelWithDebInfo|x64.Build.0 = RelWithDebInfo|x64
		{44953B53-030D-3E5C-A1FE-19F0220A5DF1}.Debug|x64.ActiveCfg = Debug|x64
		{44953B53-030D-3E5C-A1FE-19F0220A5DF1}.Release|x64.ActiveCfg = Release|x64
		{44953B53-030D-3E5C-A1FE-19F0220A5DF1}.MinSizeRel|x64.ActiveCfg = MinSizeRel|x64
		{44953B53-030D-3E5C-A1FE-19F0220A5DF1}.RelWithDebInfo|x64.ActiveCfg = RelWithDebInfo|x64
		{9806F056-216E-3B57-BD1E-2472C3471C40}.Debug|x64.ActiveCfg = Debug|x64
		{9806F056-216E-3B57-BD1E-2472C3471C40}.Release|x64.ActiveCfg = Release|x64
		{9806F056-216E-3B57-BD1E-2472C3471C40}.MinSizeRel|x64.ActiveCfg = MinSizeRel|x64
		{9806F056-216E-3B57-BD1E-2472C3471C40}.RelWithDebInfo|x64.ActiveCfg = RelWithDebInfo|x64
		{82E6C3B5-69D9-3C21-BC5C-F46C675619DC}.Debug|x64.ActiveCfg = Debug|x64
		{82E6C3B5-69D9-3C21-BC5C-F46C675619DC}.Debug|x64.Build.0 = Debug|x64
		{82E6C3B5-69D9-3C21-BC5C-F46C675619DC}.Release|x64.ActiveCfg = Release|x64
		{82E6C3B5-69D9-3C21-BC5C-F46C675619DC}.Release|x64.Build.0 = Release|x64
		{82E6C3B5-69D9-3C21-BC5C-F46C675619DC}.MinSizeRel|x64.ActiveCfg = MinSizeRel|x64
		{82E6C3B5-69D9-3C21-BC5C-F46C675619DC}.MinSizeRel|x64.Build.0 = MinSizeRel|x64
		{82E6C3B5-69D9-3C21-BC5C-F46C675619DC}.RelWithDebInfo|x64.ActiveCfg = RelWithDebInfo|x64
		{82E6C3B5-69D9-3C21-BC5C-F46C675619DC}.RelWithDebInfo|x64.Build.0 = RelWithDebInfo|x64
		{4B2532FA-6865-395F-B1FD-232F80DC3AFF}.Debug|x64.ActiveCfg = Debug|x64
		{4B2532FA-6865-395F-B1FD-232F80DC3AFF}.Debug|x64.Build.0 = Debug|x64
		{4B2532FA-6865-395F-B1FD-232F80DC3AFF}.Release|x64.ActiveCfg = Release|x64
		{4B2532FA-6865-395F-B1FD-232F80DC3AFF}.Release|x64.Build.0 = Release|x64
		{4B2532FA-6865-395F-B1FD-232F80DC3AFF}.MinSizeRel|x64.ActiveCfg = MinSizeRel|x64
		{4B2532FA-6865-395F-B1FD-232F80DC3AFF}.MinSizeRel|x64.Build.0 = MinSizeRel|x64
		{4B2532FA-6865-395F-B1FD-232F80DC3AFF}.RelWithDebInfo|x64.ActiveCfg = RelWithDebInfo|x64
		{4B2532FA-6865-395F-B1FD-232F80DC3AFF}.RelWithDebInfo|x64.Build.0 = RelWithDebInfo|x64
		{6D8D263A-3CF0-3F7E-84D9-42F551D62E27}.Debug|x64.ActiveCfg = Debug|x64
		{6D8D263A-3CF0-3F7E-84D9-42F551D62E27}.Debug|x64.Build.0 = Debug|x64
		{6D8D263A-3CF0-3F7E-84D9-42F551D62E27}.Release|x64.ActiveCfg = Release|x64
		{6D8D263A-3CF0-3F7E-84D9-42F551D62E27}.Release|x64.Build.0 = Release|x64
		{6D8D263A-3CF0-3F7E-84D9-42F551D62E27}.MinSizeRel|x64.ActiveCfg = MinSizeRel|x64
		{6D8D263A-3CF0-3F7E-84D9-42F551D62E27}.MinSizeRel|x64.Build.0 = MinSizeRel|x64
		{6D8D263A-3CF0-3F7E-84D9-42F551D62E27}.RelWithDebInfo|x64.ActiveCfg = RelWithDebInfo|x64
		{6D8D263A-3CF0-3F7E-84D9-42F551D62E27}.RelWithDebInfo|x64.Build.0 = RelWithDebInfo|x64
		{28245E5F-0430-37C3-B4F1-1204FE11FCF4}.Debug|x64.ActiveCfg = Debug|x64
		{28245E5F-0430-37C3-B4F1-1204FE11FCF4}.Debug|x64.Build.0 = Debug|x64
		{28245E5F-0430-37C3-B4F1-1204FE11FCF4}.Release|x64.ActiveCfg = Release|x64
		{28245E5F-0430-37C3-B4F1-1204FE11FCF4}.Release|x64.Build.0 = Release|x64
		{28245E5F-0430-37C3-B4F1-1204FE11FCF4}.MinSizeRel|x64.ActiveCfg = MinSizeRel|x64
		{28245E5F-0430-37C3-B4F1-1204FE11FCF4}.MinSizeRel|x64.Build.0 = MinSizeRel|x64
		{28245E5F-0430-37C3-B4F1-1204FE11FCF4}.RelWithDebInfo|x64.ActiveCfg = RelWithDebInfo|x64
		{28245E5F-0430-37C3-B4F1-1204FE11FCF4}.RelWithDebInfo|x64.Build.0 = RelWithDebInfo|x64
	EndGlobalSection
	GlobalSection(ExtensibilityGlobals) = postSolution
		SolutionGuid = {CC7CB107-325F-3BF8-A629-F6E9E26A832E}
	EndGlobalSection
	GlobalSection(ExtensibilityAddIns) = postSolution
	EndGlobalSection
EndGlobal
